// !$*UTF8*$!
{
	archiveVersion = 1;
	classes = {
	};
	objectVersion = 56;
	objects = {

/* Begin PBXBuildFile section */
		AB35953C29A01B8A002920EF /* matrixSchrodingerApp.swift in Sources */ = {isa = PBXBuildFile; fileRef = AB35953B29A01B8A002920EF /* matrixSchrodingerApp.swift */; };
		AB35953E29A01B8A002920EF /* ContentView.swift in Sources */ = {isa = PBXBuildFile; fileRef = AB35953D29A01B8A002920EF /* ContentView.swift */; };
		AB35954029A01B8B002920EF /* Assets.xcassets in Resources */ = {isa = PBXBuildFile; fileRef = AB35953F29A01B8B002920EF /* Assets.xcassets */; };
		AB35954429A01B8B002920EF /* Preview Assets.xcassets in Resources */ = {isa = PBXBuildFile; fileRef = AB35954329A01B8B002920EF /* Preview Assets.xcassets */; };
		AB35954E29A01B8B002920EF /* matrixSchrodingerTests.swift in Sources */ = {isa = PBXBuildFile; fileRef = AB35954D29A01B8B002920EF /* matrixSchrodingerTests.swift */; };
		AB35955829A01B8B002920EF /* matrixSchrodingerUITests.swift in Sources */ = {isa = PBXBuildFile; fileRef = AB35955729A01B8B002920EF /* matrixSchrodingerUITests.swift */; };
		AB35955A29A01B8B002920EF /* matrixSchrodingerUITestsLaunchTests.swift in Sources */ = {isa = PBXBuildFile; fileRef = AB35955929A01B8B002920EF /* matrixSchrodingerUITestsLaunchTests.swift */; };
/* End PBXBuildFile section */

/* Begin PBXContainerItemProxy section */
		AB35954A29A01B8B002920EF /* PBXContainerItemProxy */ = {
			isa = PBXContainerItemProxy;
			containerPortal = AB35953029A01B8A002920EF /* Project object */;
			proxyType = 1;
			remoteGlobalIDString = AB35953729A01B8A002920EF;
			remoteInfo = matrixSchrodinger;
		};
		AB35955429A01B8B002920EF /* PBXContainerItemProxy */ = {
			isa = PBXContainerItemProxy;
			containerPortal = AB35953029A01B8A002920EF /* Project object */;
			proxyType = 1;
			remoteGlobalIDString = AB35953729A01B8A002920EF;
			remoteInfo = matrixSchrodinger;
		};
/* End PBXContainerItemProxy section */

/* Begin PBXFileReference section */
		AB35953829A01B8A002920EF /* matrixSchrodinger.app */ = {isa = PBXFileReference; explicitFileType = wrapper.application; includeInIndex = 0; path = matrixSchrodinger.app; sourceTree = BUILT_PRODUCTS_DIR; };
		AB35953B29A01B8A002920EF /* matrixSchrodingerApp.swift */ = {isa = PBXFileReference; lastKnownFileType = sourcecode.swift; path = matrixSchrodingerApp.swift; sourceTree = "<group>"; };
		AB35953D29A01B8A002920EF /* ContentView.swift */ = {isa = PBXFileReference; lastKnownFileType = sourcecode.swift; path = ContentView.swift; sourceTree = "<group>"; };
		AB35953F29A01B8B002920EF /* Assets.xcassets */ = {isa = PBXFileReference; lastKnownFileType = folder.assetcatalog; path = Assets.xcassets; sourceTree = "<group>"; };
		AB35954129A01B8B002920EF /* matrixSchrodinger.entitlements */ = {isa = PBXFileReference; lastKnownFileType = text.plist.entitlements; path = matrixSchrodinger.entitlements; sourceTree = "<group>"; };
		AB35954329A01B8B002920EF /* Preview Assets.xcassets */ = {isa = PBXFileReference; lastKnownFileType = folder.assetcatalog; path = "Preview Assets.xcassets"; sourceTree = "<group>"; };
		AB35954929A01B8B002920EF /* matrixSchrodingerTests.xctest */ = {isa = PBXFileReference; explicitFileType = wrapper.cfbundle; includeInIndex = 0; path = matrixSchrodingerTests.xctest; sourceTree = BUILT_PRODUCTS_DIR; };
		AB35954D29A01B8B002920EF /* matrixSchrodingerTests.swift */ = {isa = PBXFileReference; lastKnownFileType = sourcecode.swift; path = matrixSchrodingerTests.swift; sourceTree = "<group>"; };
		AB35955329A01B8B002920EF /* matrixSchrodingerUITests.xctest */ = {isa = PBXFileReference; explicitFileType = wrapper.cfbundle; includeInIndex = 0; path = matrixSchrodingerUITests.xctest; sourceTree = BUILT_PRODUCTS_DIR; };
		AB35955729A01B8B002920EF /* matrixSchrodingerUITests.swift */ = {isa = PBXFileReference; lastKnownFileType = sourcecode.swift; path = matrixSchrodingerUITests.swift; sourceTree = "<group>"; };
		AB35955929A01B8B002920EF /* matrixSchrodingerUITestsLaunchTests.swift */ = {isa = PBXFileReference; lastKnownFileType = sourcecode.swift; path = matrixSchrodingerUITestsLaunchTests.swift; sourceTree = "<group>"; };
/* End PBXFileReference section */

/* Begin PBXFrameworksBuildPhase section */
		AB35953529A01B8A002920EF /* Frameworks */ = {
			isa = PBXFrameworksBuildPhase;
			buildActionMask = 2147483647;
			files = (
			);
			runOnlyForDeploymentPostprocessing = 0;
		};
		AB35954629A01B8B002920EF /* Frameworks */ = {
			isa = PBXFrameworksBuildPhase;
			buildActionMask = 2147483647;
			files = (
			);
			runOnlyForDeploymentPostprocessing = 0;
		};
		AB35955029A01B8B002920EF /* Frameworks */ = {
			isa = PBXFrameworksBuildPhase;
			buildActionMask = 2147483647;
			files = (
			);
			runOnlyForDeploymentPostprocessing = 0;
		};
/* End PBXFrameworksBuildPhase section */

/* Begin PBXGroup section */
		AB35952F29A01B8A002920EF = {
			isa = PBXGroup;
			children = (
				AB35953A29A01B8A002920EF /* matrixSchrodinger */,
				AB35954C29A01B8B002920EF /* matrixSchrodingerTests */,
				AB35955629A01B8B002920EF /* matrixSchrodingerUITests */,
				AB35953929A01B8A002920EF /* Products */,
			);
			sourceTree = "<group>";
		};
		AB35953929A01B8A002920EF /* Products */ = {
			isa = PBXGroup;
			children = (
				AB35953829A01B8A002920EF /* matrixSchrodinger.app */,
				AB35954929A01B8B002920EF /* matrixSchrodingerTests.xctest */,
				AB35955329A01B8B002920EF /* matrixSchrodingerUITests.xctest */,
			);
			name = Products;
			sourceTree = "<group>";
		};
		AB35953A29A01B8A002920EF /* matrixSchrodinger */ = {
			isa = PBXGroup;
			children = (
				AB35953B29A01B8A002920EF /* matrixSchrodingerApp.swift */,
				AB35953D29A01B8A002920EF /* ContentView.swift */,
				AB35953F29A01B8B002920EF /* Assets.xcassets */,
				AB35954129A01B8B002920EF /* matrixSchrodinger.entitlements */,
				AB35954229A01B8B002920EF /* Preview Content */,
			);
			path = matrixSchrodinger;
			sourceTree = "<group>";
		};
		AB35954229A01B8B002920EF /* Preview Content */ = {
			isa = PBXGroup;
			children = (
				AB35954329A01B8B002920EF /* Preview Assets.xcassets */,
			);
			path = "Preview Content";
			sourceTree = "<group>";
		};
		AB35954C29A01B8B002920EF /* matrixSchrodingerTests */ = {
			isa = PBXGroup;
			children = (
				AB35954D29A01B8B002920EF /* matrixSchrodingerTests.swift */,
			);
			path = matrixSchrodingerTests;
			sourceTree = "<group>";
		};
		AB35955629A01B8B002920EF /* matrixSchrodingerUITests */ = {
			isa = PBXGroup;
			children = (
				AB35955729A01B8B002920EF /* matrixSchrodingerUITests.swift */,
				AB35955929A01B8B002920EF /* matrixSchrodingerUITestsLaunchTests.swift */,
			);
			path = matrixSchrodingerUITests;
			sourceTree = "<group>";
		};
/* End PBXGroup section */

/* Begin PBXNativeTarget section */
		AB35953729A01B8A002920EF /* matrixSchrodinger */ = {
			isa = PBXNativeTarget;
			buildConfigurationList = AB35955D29A01B8B002920EF /* Build configuration list for PBXNativeTarget "matrixSchrodinger" */;
			buildPhases = (
				AB35953429A01B8A002920EF /* Sources */,
				AB35953529A01B8A002920EF /* Frameworks */,
				AB35953629A01B8A002920EF /* Resources */,
			);
			buildRules = (
			);
			dependencies = (
			);
			name = matrixSchrodinger;
			productName = matrixSchrodinger;
			productReference = AB35953829A01B8A002920EF /* matrixSchrodinger.app */;
			productType = "com.apple.product-type.application";
		};
		AB35954829A01B8B002920EF /* matrixSchrodingerTests */ = {
			isa = PBXNativeTarget;
			buildConfigurationList = AB35956029A01B8B002920EF /* Build configuration list for PBXNativeTarget "matrixSchrodingerTests" */;
			buildPhases = (
				AB35954529A01B8B002920EF /* Sources */,
				AB35954629A01B8B002920EF /* Frameworks */,
				AB35954729A01B8B002920EF /* Resources */,
			);
			buildRules = (
			);
			dependencies = (
				AB35954B29A01B8B002920EF /* PBXTargetDependency */,
			);
			name = matrixSchrodingerTests;
			productName = matrixSchrodingerTests;
			productReference = AB35954929A01B8B002920EF /* matrixSchrodingerTests.xctest */;
			productType = "com.apple.product-type.bundle.unit-test";
		};
		AB35955229A01B8B002920EF /* matrixSchrodingerUITests */ = {
			isa = PBXNativeTarget;
			buildConfigurationList = AB35956329A01B8B002920EF /* Build configuration list for PBXNativeTarget "matrixSchrodingerUITests" */;
			buildPhases = (
				AB35954F29A01B8B002920EF /* Sources */,
				AB35955029A01B8B002920EF /* Frameworks */,
				AB35955129A01B8B002920EF /* Resources */,
			);
			buildRules = (
			);
			dependencies = (
				AB35955529A01B8B002920EF /* PBXTargetDependency */,
			);
			name = matrixSchrodingerUITests;
			productName = matrixSchrodingerUITests;
			productReference = AB35955329A01B8B002920EF /* matrixSchrodingerUITests.xctest */;
			productType = "com.apple.product-type.bundle.ui-testing";
		};
/* End PBXNativeTarget section */

/* Begin PBXProject section */
		AB35953029A01B8A002920EF /* Project object */ = {
			isa = PBXProject;
			attributes = {
				BuildIndependentTargetsInParallel = 1;
				LastSwiftUpdateCheck = 1420;
				LastUpgradeCheck = 1420;
				TargetAttributes = {
					AB35953729A01B8A002920EF = {
						CreatedOnToolsVersion = 14.2;
					};
					AB35954829A01B8B002920EF = {
						CreatedOnToolsVersion = 14.2;
						TestTargetID = AB35953729A01B8A002920EF;
					};
					AB35955229A01B8B002920EF = {
						CreatedOnToolsVersion = 14.2;
						TestTargetID = AB35953729A01B8A002920EF;
					};
				};
			};
			buildConfigurationList = AB35953329A01B8A002920EF /* Build configuration list for PBXProject "matrixSchrodinger" */;
			compatibilityVersion = "Xcode 14.0";
			developmentRegion = en;
			hasScannedForEncodings = 0;
			knownRegions = (
				en,
				Base,
			);
			mainGroup = AB35952F29A01B8A002920EF;
			productRefGroup = AB35953929A01B8A002920EF /* Products */;
			projectDirPath = "";
			projectRoot = "";
			targets = (
				AB35953729A01B8A002920EF /* matrixSchrodinger */,
				AB35954829A01B8B002920EF /* matrixSchrodingerTests */,
				AB35955229A01B8B002920EF /* matrixSchrodingerUITests */,
			);
		};
/* End PBXProject section */

/* Begin PBXResourcesBuildPhase section */
		AB35953629A01B8A002920EF /* Resources */ = {
			isa = PBXResourcesBuildPhase;
			buildActionMask = 2147483647;
			files = (
				AB35954429A01B8B002920EF /* Preview Assets.xcassets in Resources */,
				AB35954029A01B8B002920EF /* Assets.xcassets in Resources */,
			);
			runOnlyForDeploymentPostprocessing = 0;
		};
		AB35954729A01B8B002920EF /* Resources */ = {
			isa = PBXResourcesBuildPhase;
			buildActionMask = 2147483647;
			files = (
			);
			runOnlyForDeploymentPostprocessing = 0;
		};
		AB35955129A01B8B002920EF /* Resources */ = {
			isa = PBXResourcesBuildPhase;
			buildActionMask = 2147483647;
			files = (
			);
			runOnlyForDeploymentPostprocessing = 0;
		};
/* End PBXResourcesBuildPhase section */

/* Begin PBXSourcesBuildPhase section */
		AB35953429A01B8A002920EF /* Sources */ = {
			isa = PBXSourcesBuildPhase;
			buildActionMask = 2147483647;
			files = (
				AB35953E29A01B8A002920EF /* ContentView.swift in Sources */,
				AB35953C29A01B8A002920EF /* matrixSchrodingerApp.swift in Sources */,
			);
			runOnlyForDeploymentPostprocessing = 0;
		};
		AB35954529A01B8B002920EF /* Sources */ = {
			isa = PBXSourcesBuildPhase;
			buildActionMask = 2147483647;
			files = (
				AB35954E29A01B8B002920EF /* matrixSchrodingerTests.swift in Sources */,
			);
			runOnlyForDeploymentPostprocessing = 0;
		};
		AB35954F29A01B8B002920EF /* Sources */ = {
			isa = PBXSourcesBuildPhase;
			buildActionMask = 2147483647;
			files = (
				AB35955A29A01B8B002920EF /* matrixSchrodingerUITestsLaunchTests.swift in Sources */,
				AB35955829A01B8B002920EF /* matrixSchrodingerUITests.swift in Sources */,
			);
			runOnlyForDeploymentPostprocessing = 0;
		};
/* End PBXSourcesBuildPhase section */

/* Begin PBXTargetDependency section */
		AB35954B29A01B8B002920EF /* PBXTargetDependency */ = {
			isa = PBXTargetDependency;
			target = AB35953729A01B8A002920EF /* matrixSchrodinger */;
			targetProxy = AB35954A29A01B8B002920EF /* PBXContainerItemProxy */;
		};
		AB35955529A01B8B002920EF /* PBXTargetDependency */ = {
			isa = PBXTargetDependency;
			target = AB35953729A01B8A002920EF /* matrixSchrodinger */;
			targetProxy = AB35955429A01B8B002920EF /* PBXContainerItemProxy */;
		};
/* End PBXTargetDependency section */

/* Begin XCBuildConfiguration section */
		AB35955B29A01B8B002920EF /* Debug */ = {
			isa = XCBuildConfiguration;
			buildSettings = {
				ALWAYS_SEARCH_USER_PATHS = NO;
				CLANG_ANALYZER_NONNULL = YES;
				CLANG_ANALYZER_NUMBER_OBJECT_CONVERSION = YES_AGGRESSIVE;
				CLANG_CXX_LANGUAGE_STANDARD = "gnu++20";
				CLANG_ENABLE_MODULES = YES;
				CLANG_ENABLE_OBJC_ARC = YES;
				CLANG_ENABLE_OBJC_WEAK = YES;
				CLANG_WARN_BLOCK_CAPTURE_AUTORELEASING = YES;
				CLANG_WARN_BOOL_CONVERSION = YES;
				CLANG_WARN_COMMA = YES;
				CLANG_WARN_CONSTANT_CONVERSION = YES;
				CLANG_WARN_DEPRECATED_OBJC_IMPLEMENTATIONS = YES;
				CLANG_WARN_DIRECT_OBJC_ISA_USAGE = YES_ERROR;
				CLANG_WARN_DOCUMENTATION_COMMENTS = YES;
				CLANG_WARN_EMPTY_BODY = YES;
				CLANG_WARN_ENUM_CONVERSION = YES;
				CLANG_WARN_INFINITE_RECURSION = YES;
				CLANG_WARN_INT_CONVERSION = YES;
				CLANG_WARN_NON_LITERAL_NULL_CONVERSION = YES;
				CLANG_WARN_OBJC_IMPLICIT_RETAIN_SELF = YES;
				CLANG_WARN_OBJC_LITERAL_CONVERSION = YES;
				CLANG_WARN_OBJC_ROOT_CLASS = YES_ERROR;
				CLANG_WARN_QUOTED_INCLUDE_IN_FRAMEWORK_HEADER = YES;
				CLANG_WARN_RANGE_LOOP_ANALYSIS = YES;
				CLANG_WARN_STRICT_PROTOTYPES = YES;
				CLANG_WARN_SUSPICIOUS_MOVE = YES;
				CLANG_WARN_UNGUARDED_AVAILABILITY = YES_AGGRESSIVE;
				CLANG_WARN_UNREACHABLE_CODE = YES;
				CLANG_WARN__DUPLICATE_METHOD_MATCH = YES;
				COPY_PHASE_STRIP = NO;
				DEBUG_INFORMATION_FORMAT = dwarf;
				ENABLE_STRICT_OBJC_MSGSEND = YES;
				ENABLE_TESTABILITY = YES;
				GCC_C_LANGUAGE_STANDARD = gnu11;
				GCC_DYNAMIC_NO_PIC = NO;
				GCC_NO_COMMON_BLOCKS = YES;
				GCC_OPTIMIZATION_LEVEL = 0;
				GCC_PREPROCESSOR_DEFINITIONS = (
					"DEBUG=1",
					"$(inherited)",
				);
				GCC_WARN_64_TO_32_BIT_CONVERSION = YES;
				GCC_WARN_ABOUT_RETURN_TYPE = YES_ERROR;
				GCC_WARN_UNDECLARED_SELECTOR = YES;
				GCC_WARN_UNINITIALIZED_AUTOS = YES_AGGRESSIVE;
				GCC_WARN_UNUSED_FUNCTION = YES;
				GCC_WARN_UNUSED_VARIABLE = YES;
				MTL_ENABLE_DEBUG_INFO = INCLUDE_SOURCE;
				MTL_FAST_MATH = YES;
				ONLY_ACTIVE_ARCH = YES;
				SWIFT_ACTIVE_COMPILATION_CONDITIONS = DEBUG;
				SWIFT_OPTIMIZATION_LEVEL = "-Onone";
			};
			name = Debug;
		};
		AB35955C29A01B8B002920EF /* Release */ = {
			isa = XCBuildConfiguration;
			buildSettings = {
				ALWAYS_SEARCH_USER_PATHS = NO;
				CLANG_ANALYZER_NONNULL = YES;
				CLANG_ANALYZER_NUMBER_OBJECT_CONVERSION = YES_AGGRESSIVE;
				CLANG_CXX_LANGUAGE_STANDARD = "gnu++20";
				CLANG_ENABLE_MODULES = YES;
				CLANG_ENABLE_OBJC_ARC = YES;
				CLANG_ENABLE_OBJC_WEAK = YES;
				CLANG_WARN_BLOCK_CAPTURE_AUTORELEASING = YES;
				CLANG_WARN_BOOL_CONVERSION = YES;
				CLANG_WARN_COMMA = YES;
				CLANG_WARN_CONSTANT_CONVERSION = YES;
				CLANG_WARN_DEPRECATED_OBJC_IMPLEMENTATIONS = YES;
				CLANG_WARN_DIRECT_OBJC_ISA_USAGE = YES_ERROR;
				CLANG_WARN_DOCUMENTATION_COMMENTS = YES;
				CLANG_WARN_EMPTY_BODY = YES;
				CLANG_WARN_ENUM_CONVERSION = YES;
				CLANG_WARN_INFINITE_RECURSION = YES;
				CLANG_WARN_INT_CONVERSION = YES;
				CLANG_WARN_NON_LITERAL_NULL_CONVERSION = YES;
				CLANG_WARN_OBJC_IMPLICIT_RETAIN_SELF = YES;
				CLANG_WARN_OBJC_LITERAL_CONVERSION = YES;
				CLANG_WARN_OBJC_ROOT_CLASS = YES_ERROR;
				CLANG_WARN_QUOTED_INCLUDE_IN_FRAMEWORK_HEADER = YES;
				CLANG_WARN_RANGE_LOOP_ANALYSIS = YES;
				CLANG_WARN_STRICT_PROTOTYPES = YES;
				CLANG_WARN_SUSPICIOUS_MOVE = YES;
				CLANG_WARN_UNGUARDED_AVAILABILITY = YES_AGGRESSIVE;
				CLANG_WARN_UNREACHABLE_CODE = YES;
				CLANG_WARN__DUPLICATE_METHOD_MATCH = YES;
				COPY_PHASE_STRIP = NO;
				DEBUG_INFORMATION_FORMAT = "dwarf-with-dsym";
				ENABLE_NS_ASSERTIONS = NO;
				ENABLE_STRICT_OBJC_MSGSEND = YES;
				GCC_C_LANGUAGE_STANDARD = gnu11;
				GCC_NO_COMMON_BLOCKS = YES;
				GCC_WARN_64_TO_32_BIT_CONVERSION = YES;
				GCC_WARN_ABOUT_RETURN_TYPE = YES_ERROR;
				GCC_WARN_UNDECLARED_SELECTOR = YES;
				GCC_WARN_UNINITIALIZED_AUTOS = YES_AGGRESSIVE;
				GCC_WARN_UNUSED_FUNCTION = YES;
				GCC_WARN_UNUSED_VARIABLE = YES;
				MTL_ENABLE_DEBUG_INFO = NO;
				MTL_FAST_MATH = YES;
				SWIFT_COMPILATION_MODE = wholemodule;
				SWIFT_OPTIMIZATION_LEVEL = "-O";
			};
			name = Release;
		};
		AB35955E29A01B8B002920EF /* Debug */ = {
			isa = XCBuildConfiguration;
			buildSettings = {
				ASSETCATALOG_COMPILER_APPICON_NAME = AppIcon;
				ASSETCATALOG_COMPILER_GLOBAL_ACCENT_COLOR_NAME = AccentColor;
				CODE_SIGN_ENTITLEMENTS = matrixSchrodinger/matrixSchrodinger.entitlements;
				CODE_SIGN_STYLE = Automatic;
				CURRENT_PROJECT_VERSION = 1;
				DEVELOPMENT_ASSET_PATHS = "\"matrixSchrodinger/Preview Content\"";
				ENABLE_PREVIEWS = YES;
				GENERATE_INFOPLIST_FILE = YES;
				"INFOPLIST_KEY_UIApplicationSceneManifest_Generation[sdk=iphoneos*]" = YES;
				"INFOPLIST_KEY_UIApplicationSceneManifest_Generation[sdk=iphonesimulator*]" = YES;
				"INFOPLIST_KEY_UIApplicationSupportsIndirectInputEvents[sdk=iphoneos*]" = YES;
				"INFOPLIST_KEY_UIApplicationSupportsIndirectInputEvents[sdk=iphonesimulator*]" = YES;
				"INFOPLIST_KEY_UILaunchScreen_Generation[sdk=iphoneos*]" = YES;
				"INFOPLIST_KEY_UILaunchScreen_Generation[sdk=iphonesimulator*]" = YES;
				"INFOPLIST_KEY_UIStatusBarStyle[sdk=iphoneos*]" = UIStatusBarStyleDefault;
				"INFOPLIST_KEY_UIStatusBarStyle[sdk=iphonesimulator*]" = UIStatusBarStyleDefault;
				INFOPLIST_KEY_UISupportedInterfaceOrientations_iPad = "UIInterfaceOrientationPortrait UIInterfaceOrientationPortraitUpsideDown UIInterfaceOrientationLandscapeLeft UIInterfaceOrientationLandscapeRight";
				INFOPLIST_KEY_UISupportedInterfaceOrientations_iPhone = "UIInterfaceOrientationPortrait UIInterfaceOrientationLandscapeLeft UIInterfaceOrientationLandscapeRight";
				IPHONEOS_DEPLOYMENT_TARGET = 16.2;
				LD_RUNPATH_SEARCH_PATHS = "@executable_path/Frameworks";
				"LD_RUNPATH_SEARCH_PATHS[sdk=macosx*]" = "@executable_path/../Frameworks";
				MACOSX_DEPLOYMENT_TARGET = 13.1;
				MARKETING_VERSION = 1.0;
				PRODUCT_BUNDLE_IDENTIFIER = com.MV.matrixSchrodinger;
				PRODUCT_NAME = "$(TARGET_NAME)";
				SDKROOT = auto;
				SUPPORTED_PLATFORMS = "iphoneos iphonesimulator macosx";
				SWIFT_EMIT_LOC_STRINGS = YES;
				SWIFT_VERSION = 5.0;
				TARGETED_DEVICE_FAMILY = "1,2";
			};
			name = Debug;
		};
		AB35955F29A01B8B002920EF /* Release */ = {
			isa = XCBuildConfiguration;
			buildSettings = {
				ASSETCATALOG_COMPILER_APPICON_NAME = AppIcon;
				ASSETCATALOG_COMPILER_GLOBAL_ACCENT_COLOR_NAME = AccentColor;
				CODE_SIGN_ENTITLEMENTS = matrixSchrodinger/matrixSchrodinger.entitlements;
				CODE_SIGN_STYLE = Automatic;
				CURRENT_PROJECT_VERSION = 1;
				DEVELOPMENT_ASSET_PATHS = "\"matrixSchrodinger/Preview Content\"";
				ENABLE_PREVIEWS = YES;
				GENERATE_INFOPLIST_FILE = YES;
				"INFOPLIST_KEY_UIApplicationSceneManifest_Generation[sdk=iphoneos*]" = YES;
				"INFOPLIST_KEY_UIApplicationSceneManifest_Generation[sdk=iphonesimulator*]" = YES;
				"INFOPLIST_KEY_UIApplicationSupportsIndirectInputEvents[sdk=iphoneos*]" = YES;
				"INFOPLIST_KEY_UIApplicationSupportsIndirectInputEvents[sdk=iphonesimulator*]" = YES;
				"INFOPLIST_KEY_UILaunchScreen_Generation[sdk=iphoneos*]" = YES;
				"INFOPLIST_KEY_UILaunchScreen_Generation[sdk=iphonesimulator*]" = YES;
				"INFOPLIST_KEY_UIStatusBarStyle[sdk=iphoneos*]" = UIStatusBarStyleDefault;
				"INFOPLIST_KEY_UIStatusBarStyle[sdk=iphonesimulator*]" = UIStatusBarStyleDefault;
				INFOPLIST_KEY_UISupportedInterfaceOrientations_iPad = "UIInterfaceOrientationPortrait UIInterfaceOrientationPortraitUpsideDown UIInterfaceOrientationLandscapeLeft UIInterfaceOrientationLandscapeRight";
				INFOPLIST_KEY_UISupportedInterfaceOrientations_iPhone = "UIInterfaceOrientationPortrait UIInterfaceOrientationLandscapeLeft UIInterfaceOrientationLandscapeRight";
				IPHONEOS_DEPLOYMENT_TARGET = 16.2;
				LD_RUNPATH_SEARCH_PATHS = "@executable_path/Frameworks";
				"LD_RUNPATH_SEARCH_PATHS[sdk=macosx*]" = "@executable_path/../Frameworks";
				MACOSX_DEPLOYMENT_TARGET = 13.1;
				MARKETING_VERSION = 1.0;
				PRODUCT_BUNDLE_IDENTIFIER = com.MV.matrixSchrodinger;
				PRODUCT_NAME = "$(TARGET_NAME)";
				SDKROOT = auto;
				SUPPORTED_PLATFORMS = "iphoneos iphonesimulator macosx";
				SWIFT_EMIT_LOC_STRINGS = YES;
				SWIFT_VERSION = 5.0;
				TARGETED_DEVICE_FAMILY = "1,2";
			};
			name = Release;
		};
		AB35956129A01B8B002920EF /* Debug */ = {
			isa = XCBuildConfiguration;
			buildSettings = {
				ALWAYS_EMBED_SWIFT_STANDARD_LIBRARIES = YES;
				BUNDLE_LOADER = "$(TEST_HOST)";
				CODE_SIGN_STYLE = Automatic;
				CURRENT_PROJECT_VERSION = 1;
				GENERATE_INFOPLIST_FILE = YES;
				IPHONEOS_DEPLOYMENT_TARGET = 16.2;
				MACOSX_DEPLOYMENT_TARGET = 13.1;
				MARKETING_VERSION = 1.0;
				PRODUCT_BUNDLE_IDENTIFIER = com.MV.matrixSchrodingerTests;
				PRODUCT_NAME = "$(TARGET_NAME)";
				SDKROOT = auto;
				SUPPORTED_PLATFORMS = "iphoneos iphonesimulator macosx";
				SWIFT_EMIT_LOC_STRINGS = NO;
				SWIFT_VERSION = 5.0;
				TARGETED_DEVICE_FAMILY = "1,2";
				TEST_HOST = "$(BUILT_PRODUCTS_DIR)/matrixSchrodinger.app/$(BUNDLE_EXECUTABLE_FOLDER_PATH)/matrixSchrodinger";
			};
			name = Debug;
		};
		AB35956229A01B8B002920EF /* Release */ = {
			isa = XCBuildConfiguration;
			buildSettings = {
				ALWAYS_EMBED_SWIFT_STANDARD_LIBRARIES = YES;
				BUNDLE_LOADER = "$(TEST_HOST)";
				CODE_SIGN_STYLE = Automatic;
				CURRENT_PROJECT_VERSION = 1;
				GENERATE_INFOPLIST_FILE = YES;
				IPHONEOS_DEPLOYMENT_TARGET = 16.2;
				MACOSX_DEPLOYMENT_TARGET = 13.1;
				MARKETING_VERSION = 1.0;
				PRODUCT_BUNDLE_IDENTIFIER = com.MV.matrixSchrodingerTests;
				PRODUCT_NAME = "$(TARGET_NAME)";
				SDKROOT = auto;
				SUPPORTED_PLATFORMS = "iphoneos iphonesimulator macosx";
				SWIFT_EMIT_LOC_STRINGS = NO;
				SWIFT_VERSION = 5.0;
				TARGETED_DEVICE_FAMILY = "1,2";
				TEST_HOST = "$(BUILT_PRODUCTS_DIR)/matrixSchrodinger.app/$(BUNDLE_EXECUTABLE_FOLDER_PATH)/matrixSchrodinger";
			};
			name = Release;
		};
		AB35956429A01B8B002920EF /* Debug */ = {
			isa = XCBuildConfiguration;
			buildSettings = {
				ALWAYS_EMBED_SWIFT_STANDARD_LIBRARIES = YES;
				CODE_SIGN_STYLE = Automatic;
				CURRENT_PROJECT_VERSION = 1;
				GENERATE_INFOPLIST_FILE = YES;
				IPHONEOS_DEPLOYMENT_TARGET = 16.2;
				MACOSX_DEPLOYMENT_TARGET = 13.1;
				MARKETING_VERSION = 1.0;
				PRODUCT_BUNDLE_IDENTIFIER = com.MV.matrixSchrodingerUITests;
				PRODUCT_NAME = "$(TARGET_NAME)";
				SDKROOT = auto;
				SUPPORTED_PLATFORMS = "iphoneos iphonesimulator macosx";
				SWIFT_EMIT_LOC_STRINGS = NO;
				SWIFT_VERSION = 5.0;
				TARGETED_DEVICE_FAMILY = "1,2";
				TEST_TARGET_NAME = matrixSchrodinger;
			};
			name = Debug;
		};
		AB35956529A01B8B002920EF /* Release */ = {
			isa = XCBuildConfiguration;
			buildSettings = {
				ALWAYS_EMBED_SWIFT_STANDARD_LIBRARIES = YES;
				CODE_SIGN_STYLE = Automatic;
				CURRENT_PROJECT_VERSION = 1;
				GENERATE_INFOPLIST_FILE = YES;
				IPHONEOS_DEPLOYMENT_TARGET = 16.2;
				MACOSX_DEPLOYMENT_TARGET = 13.1;
				MARKETING_VERSION = 1.0;
				PRODUCT_BUNDLE_IDENTIFIER = com.MV.matrixSchrodingerUITests;
				PRODUCT_NAME = "$(TARGET_NAME)";
				SDKROOT = auto;
				SUPPORTED_PLATFORMS = "iphoneos iphonesimulator macosx";
				SWIFT_EMIT_LOC_STRINGS = NO;
				SWIFT_VERSION = 5.0;
				TARGETED_DEVICE_FAMILY = "1,2";
				TEST_TARGET_NAME = matrixSchrodinger;
			};
			name = Release;
		};
/* End XCBuildConfiguration section */

/* Begin XCConfigurationList section */
		AB35953329A01B8A002920EF /* Build configuration list for PBXProject "matrixSchrodinger" */ = {
			isa = XCConfigurationList;
			buildConfigurations = (
				AB35955B29A01B8B002920EF /* Debug */,
				AB35955C29A01B8B002920EF /* Release */,
			);
			defaultConfigurationIsVisible = 0;
			defaultConfigurationName = Release;
		};
		AB35955D29A01B8B002920EF /* Build configuration list for PBXNativeTarget "matrixSchrodinger" */ = {
			isa = XCConfigurationList;
			buildConfigurations = (
				AB35955E29A01B8B002920EF /* Debug */,
				AB35955F29A01B8B002920EF /* Release */,
			);
			defaultConfigurationIsVisible = 0;
			defaultConfigurationName = Release;
		};
		AB35956029A01B8B002920EF /* Build configuration list for PBXNativeTarget "matrixSchrodingerTests" */ = {
			isa = XCConfigurationList;
			buildConfigurations = (
				AB35956129A01B8B002920EF /* Debug */,
				AB35956229A01B8B002920EF /* Release */,
			);
			defaultConfigurationIsVisible = 0;
			defaultConfigurationName = Release;
		};
		AB35956329A01B8B002920EF /* Build configuration list for PBXNativeTarget "matrixSchrodingerUITests" */ = {
			isa = XCConfigurationList;
			buildConfigurations = (
				AB35956429A01B8B002920EF /* Debug */,
				AB35956529A01B8B002920EF /* Release */,
			);
			defaultConfigurationIsVisible = 0;
			defaultConfigurationName = Release;
		};
/* End XCConfigurationList section */
	};
	rootObject = AB35953029A01B8A002920EF /* Project object */;
}
